
Microsoft Visual Studio Solution File, Format Version 12.00
# Visual Studio Version 17
VisualStudioVersion = 17.4.33213.308
MinimumVisualStudioVersion = 10.0.40219.1
Project("{FAE04EC0-301F-11D3-BF4B-00C04F79EFBC}") = "TrayFolder", "TrayFolder\TrayFolder.csproj", "{8EB5604C-C900-4903-8EC1-E38B03CB9F43}"
EndProject
Global
	GlobalSection(SolutionConfigurationPlatforms) = preSolution
		Debug|Any CPU = Debug|Any CPU
		Release|Any CPU = Release|Any CPU
	EndGlobalSection
	GlobalSection(ProjectConfigurationPlatforms) = postSolution
		{8EB5604C-C900-4903-8EC1-E38B03CB9F43}.Debug|Any CPU.ActiveCfg = Debug|Any CPU
		{8EB5604C-C900-4903-8EC1-E38B03CB9F43}.Debug|Any CPU.Build.0 = Debug|Any CPU
		{8EB5604C-C900-4903-8EC1-E38B03CB9F43}.Release|Any CPU.ActiveCfg = Release|Any CPU
		{8EB5604C-C900-4903-8EC1-E38B03CB9F43}.Release|Any CPU.Build.0 = Release|Any CPU
	EndGlobalSection
	GlobalSection(SolutionProperties) = preSolution
		HideSolutionNode = FALSE
	EndGlobalSection
	GlobalSection(ExtensibilityGlobals) = postSolution
		SolutionGuid = {E81D6FB4-C813-4D56-9928-53C1235206BE}
	EndGlobalSection
EndGlobal
